<?xml version="1.0" encoding="utf-8"?>
<Project ToolsVersion="17.0" xmlns="http://schemas.microsoft.com/developer/msbuild/2003">
  <ItemGroup>
    <ClCompile Include="D:\ObsidianRepo\CQU\START\Repo\ALP-main\example\rd_compress.cpp">
      <Filter>Source Files</Filter>
    </ClCompile>
  </ItemGroup>
  <ItemGroup>
    <CustomBuild Include="D:\ObsidianRepo\CQU\START\Repo\ALP-main\example\CMakeLists.txt" />
  </ItemGroup>
  <ItemGroup>
    <Filter Include="Source Files">
      <UniqueIdentifier>{1E7C4F61-32E2-3D79-BC8F-9156B56DD623}</UniqueIdentifier>
    </Filter>
  </ItemGroup>
</Project>
